
Microsoft Visual Studio Solution File, Format Version 12.00
# Visual Studio Version 17
VisualStudioVersion = 17.9.34701.34
MinimumVisualStudioVersion = 10.0.40219.1
Project("{FAE04EC0-301F-11D3-BF4B-00C04F79EFBC}") = "StorageSystem", "StorageSystem\StorageSystem.csproj", "{48B2244A-F5AB-4914-BE2E-AE89C84C3714}"
EndProject
Global
	GlobalSection(SolutionConfigurationPlatforms) = preSolution
		Debug|Any CPU = Debug|Any CPU
		Release|Any CPU = Release|Any CPU
	EndGlobalSection
	GlobalSection(ProjectConfigurationPlatforms) = postSolution
		{48B2244A-F5AB-4914-BE2E-AE89C84C3714}.Debug|Any CPU.ActiveCfg = Debug|Any CPU
		{48B2244A-F5AB-4914-BE2E-AE89C84C3714}.Debug|Any CPU.Build.0 = Debug|Any CPU
		{48B2244A-F5AB-4914-BE2E-AE89C84C3714}.Release|Any CPU.ActiveCfg = Release|Any CPU
		{48B2244A-F5AB-4914-BE2E-AE89C84C3714}.Release|Any CPU.Build.0 = Release|Any CPU
	EndGlobalSection
	GlobalSection(SolutionProperties) = preSolution
		HideSolutionNode = FALSE
	EndGlobalSection
	GlobalSection(ExtensibilityGlobals) = postSolution
		SolutionGuid = {3BB17BC4-1079-45A9-9411-847DEE57DD22}
	EndGlobalSection
EndGlobal
